
Microsoft Visual Studio Solution File, Format Version 12.00
# Visual Studio Version 16
VisualStudioVersion = 16.0.31129.286
MinimumVisualStudioVersion = 10.0.40219.1
Project("{9A19103F-16F7-4668-BE54-9A1E7A4F7556}") = "FileParser.Rest", "FileParser.Rest\FileParser.Rest.csproj", "{8FA8BF11-2832-48E8-ADD4-34A3B861CF2B}"
EndProject
Project("{9A19103F-16F7-4668-BE54-9A1E7A4F7556}") = "FileParser.Common", "FileParser.Common\FileParser.Common.csproj", "{CE8A94CC-3397-423C-9F75-531609812068}"
EndProject
Project("{FAE04EC0-301F-11D3-BF4B-00C04F79EFBC}") = "FileParser.Web", "FileParser.Web\FileParser.Web.csproj", "{3A7A1778-73EB-4D0A-9025-03AF937A3679}"
EndProject
Global
	GlobalSection(SolutionConfigurationPlatforms) = preSolution
		Debug|Any CPU = Debug|Any CPU
		Release|Any CPU = Release|Any CPU
	EndGlobalSection
	GlobalSection(ProjectConfigurationPlatforms) = postSolution
		{8FA8BF11-2832-48E8-ADD4-34A3B861CF2B}.Debug|Any CPU.ActiveCfg = Debug|Any CPU
		{8FA8BF11-2832-48E8-ADD4-34A3B861CF2B}.Debug|Any CPU.Build.0 = Debug|Any CPU
		{8FA8BF11-2832-48E8-ADD4-34A3B861CF2B}.Release|Any CPU.ActiveCfg = Release|Any CPU
		{8FA8BF11-2832-48E8-ADD4-34A3B861CF2B}.Release|Any CPU.Build.0 = Release|Any CPU
		{CE8A94CC-3397-423C-9F75-531609812068}.Debug|Any CPU.ActiveCfg = Debug|Any CPU
		{CE8A94CC-3397-423C-9F75-531609812068}.Debug|Any CPU.Build.0 = Debug|Any CPU
		{CE8A94CC-3397-423C-9F75-531609812068}.Release|Any CPU.ActiveCfg = Release|Any CPU
		{CE8A94CC-3397-423C-9F75-531609812068}.Release|Any CPU.Build.0 = Release|Any CPU
		{3A7A1778-73EB-4D0A-9025-03AF937A3679}.Debug|Any CPU.ActiveCfg = Debug|Any CPU
		{3A7A1778-73EB-4D0A-9025-03AF937A3679}.Debug|Any CPU.Build.0 = Debug|Any CPU
		{3A7A1778-73EB-4D0A-9025-03AF937A3679}.Release|Any CPU.ActiveCfg = Release|Any CPU
		{3A7A1778-73EB-4D0A-9025-03AF937A3679}.Release|Any CPU.Build.0 = Release|Any CPU
	EndGlobalSection
	GlobalSection(SolutionProperties) = preSolution
		HideSolutionNode = FALSE
	EndGlobalSection
	GlobalSection(ExtensibilityGlobals) = postSolution
		SolutionGuid = {CDFC6A04-F034-45D5-BBCD-CB506F1AF7CC}
	EndGlobalSection
EndGlobal
